
Microsoft Visual Studio Solution File, Format Version 12.00
# Visual Studio 14
VisualStudioVersion = 14.0.25420.1
MinimumVisualStudioVersion = 10.0.40219.1
Project("{FAE04EC0-301F-11D3-BF4B-00C04F79EFBC}") = "Plugin", "Simplic.Plugin\Plugin.csproj", "{0F275DBA-662B-4E2D-90F6-9C768FCD71AA}"
EndProject
Project("{FAE04EC0-301F-11D3-BF4B-00C04F79EFBC}") = "Plugin.Host", "Plugin.Hosting\Plugin.Host.csproj", "{74B1292B-0172-40CB-877C-E603A3597F81}"
EndProject
Global
	GlobalSection(SolutionConfigurationPlatforms) = preSolution
		Debug|Any CPU = Debug|Any CPU
		Release|Any CPU = Release|Any CPU
	EndGlobalSection
	GlobalSection(ProjectConfigurationPlatforms) = postSolution
		{0F275DBA-662B-4E2D-90F6-9C768FCD71AA}.Debug|Any CPU.ActiveCfg = Debug|Any CPU
		{0F275DBA-662B-4E2D-90F6-9C768FCD71AA}.Debug|Any CPU.Build.0 = Debug|Any CPU
		{0F275DBA-662B-4E2D-90F6-9C768FCD71AA}.Release|Any CPU.ActiveCfg = Release|Any CPU
		{0F275DBA-662B-4E2D-90F6-9C768FCD71AA}.Release|Any CPU.Build.0 = Release|Any CPU
		{74B1292B-0172-40CB-877C-E603A3597F81}.Debug|Any CPU.ActiveCfg = Debug|Any CPU
		{74B1292B-0172-40CB-877C-E603A3597F81}.Debug|Any CPU.Build.0 = Debug|Any CPU
		{74B1292B-0172-40CB-877C-E603A3597F81}.Release|Any CPU.ActiveCfg = Release|Any CPU
		{74B1292B-0172-40CB-877C-E603A3597F81}.Release|Any CPU.Build.0 = Release|Any CPU
	EndGlobalSection
	GlobalSection(SolutionProperties) = preSolution
		HideSolutionNode = FALSE
	EndGlobalSection
EndGlobal
